
Microsoft Visual Studio Solution File, Format Version 12.00
# Visual Studio Version 16
VisualStudioVersion = 16.0.30114.105
MinimumVisualStudioVersion = 10.0.40219.1
Project("{F2A71F9B-5D33-465A-A702-920D77279786}") = "Yzl", "Yzl\Yzl.fsproj", "{AB48BF2D-1047-4707-9DFB-405E8C15CEAF}"
EndProject
Project("{F2A71F9B-5D33-465A-A702-920D77279786}") = "Yzl.Bindings.Gen", "Yzl.Bindings.Gen\Yzl.Bindings.Gen.fsproj", "{FF1F9F1C-3E65-4706-96DB-C6E346ECB5F3}"
EndProject
Project("{F2A71F9B-5D33-465A-A702-920D77279786}") = "Yzl.Bindings.Kustomize", "Yzl.Bindings.Kustomize\Yzl.Bindings.Kustomize.fsproj", "{0CEBEB96-A582-4C36-AF36-4E41646CF964}"
EndProject
Global
	GlobalSection(SolutionConfigurationPlatforms) = preSolution
		Debug|Any CPU = Debug|Any CPU
		Release|Any CPU = Release|Any CPU
	EndGlobalSection
	GlobalSection(SolutionProperties) = preSolution
		HideSolutionNode = FALSE
	EndGlobalSection
	GlobalSection(ProjectConfigurationPlatforms) = postSolution
		{AB48BF2D-1047-4707-9DFB-405E8C15CEAF}.Debug|Any CPU.ActiveCfg = Debug|Any CPU
		{AB48BF2D-1047-4707-9DFB-405E8C15CEAF}.Debug|Any CPU.Build.0 = Debug|Any CPU
		{AB48BF2D-1047-4707-9DFB-405E8C15CEAF}.Release|Any CPU.ActiveCfg = Release|Any CPU
		{AB48BF2D-1047-4707-9DFB-405E8C15CEAF}.Release|Any CPU.Build.0 = Release|Any CPU
		{FF1F9F1C-3E65-4706-96DB-C6E346ECB5F3}.Debug|Any CPU.ActiveCfg = Debug|Any CPU
		{FF1F9F1C-3E65-4706-96DB-C6E346ECB5F3}.Debug|Any CPU.Build.0 = Debug|Any CPU
		{FF1F9F1C-3E65-4706-96DB-C6E346ECB5F3}.Release|Any CPU.ActiveCfg = Release|Any CPU
		{FF1F9F1C-3E65-4706-96DB-C6E346ECB5F3}.Release|Any CPU.Build.0 = Release|Any CPU
		{0CEBEB96-A582-4C36-AF36-4E41646CF964}.Debug|Any CPU.ActiveCfg = Debug|Any CPU
		{0CEBEB96-A582-4C36-AF36-4E41646CF964}.Debug|Any CPU.Build.0 = Debug|Any CPU
		{0CEBEB96-A582-4C36-AF36-4E41646CF964}.Release|Any CPU.ActiveCfg = Release|Any CPU
		{0CEBEB96-A582-4C36-AF36-4E41646CF964}.Release|Any CPU.Build.0 = Release|Any CPU
	EndGlobalSection
EndGlobal
